
Microsoft Visual Studio Solution File, Format Version 12.00
# Visual Studio Version 17
VisualStudioVersion = 17.1.32328.378
MinimumVisualStudioVersion = 10.0.40219.1
Project("{FAE04EC0-301F-11D3-BF4B-00C04F79EFBC}") = "InventaryManagementSystem", "InventaryManagementSystem\InventaryManagementSystem.csproj", "{D59D9914-1859-4987-87DF-0873423F7025}"
EndProject
Global
	GlobalSection(SolutionConfigurationPlatforms) = preSolution
		Debug|Any CPU = Debug|Any CPU
		Release|Any CPU = Release|Any CPU
	EndGlobalSection
	GlobalSection(ProjectConfigurationPlatforms) = postSolution
		{D59D9914-1859-4987-87DF-0873423F7025}.Debug|Any CPU.ActiveCfg = Debug|Any CPU
		{D59D9914-1859-4987-87DF-0873423F7025}.Debug|Any CPU.Build.0 = Debug|Any CPU
		{D59D9914-1859-4987-87DF-0873423F7025}.Release|Any CPU.ActiveCfg = Release|Any CPU
		{D59D9914-1859-4987-87DF-0873423F7025}.Release|Any CPU.Build.0 = Release|Any CPU
	EndGlobalSection
	GlobalSection(SolutionProperties) = preSolution
		HideSolutionNode = FALSE
	EndGlobalSection
	GlobalSection(ExtensibilityGlobals) = postSolution
		SolutionGuid = {DE43BE38-EB2C-4FBD-B35A-C4AFA65AEE1D}
	EndGlobalSection
EndGlobal
